<?xml version="1.0" encoding="utf-8"?>
<Project ToolsVersion="4.0" xmlns="http://schemas.microsoft.com/developer/msbuild/2003">
  <ItemGroup>
    <Filter Include="02.窗体文件">
      <UniqueIdentifier>{99349809-55BA-4b9d-BF79-8FDBB0286EB3}</UniqueIdentifier>
      <Extensions>ui</Extensions>
    </Filter>
    <Filter Include="03.入口文件">
      <UniqueIdentifier>{c17fc815-2bd2-42e1-a02b-cd4953bbfea0}</UniqueIdentifier>
    </Filter>
    <Filter Include="04.生成文件">
      <UniqueIdentifier>{71ED8ED8-ACB9-4CE9-BBE1-E00B30144E11}</UniqueIdentifier>
      <Extensions>moc;h;cpp</Extensions>
      <SourceControlFiles>False</SourceControlFiles>
    </Filter>
    <Filter Include="00.预编译头">
      <UniqueIdentifier>{fa523a12-d41c-4532-8249-a66febcc0c0c}</UniqueIdentifier>
    </Filter>
    <Filter Include="05.资源文件">
      <UniqueIdentifier>{D9D6E242-F8AF-46E4-B9FD-80ECBC20BA3E}</UniqueIdentifier>
      <Extensions>qrc;*</Extensions>
      <ParseFiles>false</ParseFiles>
    </Filter>
    <Filter Include="11.接口文件">
      <UniqueIdentifier>{d565eeb4-3158-47f7-9c18-ea381adb3fb1}</UniqueIdentifier>
    </Filter>
    <Filter Include="04.动画管理">
      <UniqueIdentifier>{e8cd58ed-2dce-4282-9b51-d092f7fef2c4}</UniqueIdentifier>
    </Filter>
  </ItemGroup>
  <ItemGroup>
    <ClCompile Include="GeneratedFiles\Debug\moc_pj_client.cpp">
      <Filter>04.生成文件</Filter>
    </ClCompile>
    <ClCompile Include="GeneratedFiles\Release\moc_pj_client.cpp">
      <Filter>04.生成文件</Filter>
    </ClCompile>
    <ClCompile Include="GeneratedFiles\qrc_pj_client.cpp">
      <Filter>04.生成文件</Filter>
    </ClCompile>
    <ClCompile Include="Precompiled.cpp">
      <Filter>00.预编译头</Filter>
    </ClCompile>
    <ClCompile Include="pj_client.cpp">
      <Filter>03.入口文件</Filter>
    </ClCompile>
    <ClCompile Include="pj_client_main.cpp">
      <Filter>03.入口文件</Filter>
    </ClCompile>
    <ClCompile Include="GeneratedFiles\Debug\moc_MsIScene.cpp">
      <Filter>04.生成文件</Filter>
    </ClCompile>
    <ClCompile Include="GeneratedFiles\Release\moc_MsIScene.cpp">
      <Filter>04.生成文件</Filter>
    </ClCompile>
    <ClCompile Include="GeneratedFiles\Debug\moc_MsILogin2.cpp">
      <Filter>04.生成文件</Filter>
    </ClCompile>
    <ClCompile Include="GeneratedFiles\Release\moc_MsILogin2.cpp">
      <Filter>04.生成文件</Filter>
    </ClCompile>
    <ClCompile Include="GeneratedFiles\Debug\moc_MsILogin.cpp">
      <Filter>04.生成文件</Filter>
    </ClCompile>
    <ClCompile Include="GeneratedFiles\Release\moc_MsILogin.cpp">
      <Filter>04.生成文件</Filter>
    </ClCompile>
    <ClCompile Include="GeneratedFiles\Debug\moc_pj_wasani.cpp">
      <Filter>04.生成文件</Filter>
    </ClCompile>
    <ClCompile Include="GeneratedFiles\Release\moc_pj_wasani.cpp">
      <Filter>04.生成文件</Filter>
    </ClCompile>
    <ClCompile Include="pj_wasani.cpp">
      <Filter>04.动画管理</Filter>
    </ClCompile>
  </ItemGroup>
  <ItemGroup>
    <ClInclude Include="GeneratedFiles\ui_pj_client.h">
      <Filter>04.生成文件</Filter>
    </ClInclude>
    <ClInclude Include="Precompiled.h">
      <Filter>00.预编译头</Filter>
    </ClInclude>
    <ClInclude Include="GeneratedFiles\ui_pj_login.h">
      <Filter>04.生成文件</Filter>
    </ClInclude>
  </ItemGroup>
  <ItemGroup>
    <CustomBuild Include="pj_client.ui">
      <Filter>02.窗体文件</Filter>
    </CustomBuild>
    <CustomBuild Include="pj_client.qrc">
      <Filter>05.资源文件</Filter>
    </CustomBuild>
    <CustomBuild Include="pj_client.h">
      <Filter>03.入口文件</Filter>
    </CustomBuild>
    <CustomBuild Include="..\pj_common\MsIScene.h">
      <Filter>11.接口文件</Filter>
    </CustomBuild>
    <CustomBuild Include="..\pj_common\MsILogin2.h">
      <Filter>11.接口文件</Filter>
    </CustomBuild>
    <CustomBuild Include="..\pj_common\MsILogin.h">
      <Filter>11.接口文件</Filter>
    </CustomBuild>
    <CustomBuild Include="pj_login.ui">
      <Filter>02.窗体文件</Filter>
    </CustomBuild>
    <CustomBuild Include="pj_wasani.h">
      <Filter>04.动画管理</Filter>
    </CustomBuild>
  </ItemGroup>
  <ItemGroup>
    <ResourceCompile Include="pj_client.rc">
      <Filter>05.资源文件</Filter>
    </ResourceCompile>
  </ItemGroup>
</Project>