
Microsoft Visual Studio Solution File, Format Version 12.00
# Visual Studio 15
VisualStudioVersion = 15.0.27004.2010
MinimumVisualStudioVersion = 10.0.40219.1
Project("{8BC9CEB8-8B4A-11D0-8D11-00A0C91BC942}") = "01.pj_common", "pj_common\pj_common.vcxproj", "{45DD726B-572C-47BF-8E8A-EC9CE2A1F36E}"
EndProject
Project("{8BC9CEB8-8B4A-11D0-8D11-00A0C91BC942}") = "02.pj_server", "pj_server\pj_server.vcxproj", "{B12702AD-ABFB-343A-A199-8E24837244A3}"
	ProjectSection(ProjectDependencies) = postProject
		{45DD726B-572C-47BF-8E8A-EC9CE2A1F36E} = {45DD726B-572C-47BF-8E8A-EC9CE2A1F36E}
		{8EFBC6DA-34C6-4C32-A4E9-5B141DB6C14F} = {8EFBC6DA-34C6-4C32-A4E9-5B141DB6C14F}
	EndProjectSection
EndProject
Project("{8BC9CEB8-8B4A-11D0-8D11-00A0C91BC942}") = "03.pj_client", "pj_client\pj_client.vcxproj", "{EBE3EF8B-700E-4CA5-863D-8B3D6335A708}"
	ProjectSection(ProjectDependencies) = postProject
		{45DD726B-572C-47BF-8E8A-EC9CE2A1F36E} = {45DD726B-572C-47BF-8E8A-EC9CE2A1F36E}
	EndProjectSection
EndProject
Project("{8BC9CEB8-8B4A-11D0-8D11-00A0C91BC942}") = "04.pj_robot", "pj_robot\pj_robot.vcxproj", "{7FACCF76-B5F3-4ADE-95B7-CA330F9F6C13}"
	ProjectSection(ProjectDependencies) = postProject
		{45DD726B-572C-47BF-8E8A-EC9CE2A1F36E} = {45DD726B-572C-47BF-8E8A-EC9CE2A1F36E}
	EndProjectSection
EndProject
Project("{8BC9CEB8-8B4A-11D0-8D11-00A0C91BC942}") = "05.pj_tools", "pj_tools\pj_tools.vcxproj", "{B5D52A3C-08E5-4F17-94B8-3DC0F229DE5A}"
	ProjectSection(ProjectDependencies) = postProject
		{45DD726B-572C-47BF-8E8A-EC9CE2A1F36E} = {45DD726B-572C-47BF-8E8A-EC9CE2A1F36E}
	EndProjectSection
EndProject
Project("{8BC9CEB8-8B4A-11D0-8D11-00A0C91BC942}") = "10.pj_widget", "pj_widget\pj_widget.vcxproj", "{8EFBC6DA-34C6-4C32-A4E9-5B141DB6C14F}"
EndProject
Global
	GlobalSection(SolutionConfigurationPlatforms) = preSolution
		Debug|x64 = Debug|x64
		Debug|x86 = Debug|x86
		Release|x64 = Release|x64
		Release|x86 = Release|x86
	EndGlobalSection
	GlobalSection(ProjectConfigurationPlatforms) = postSolution
		{45DD726B-572C-47BF-8E8A-EC9CE2A1F36E}.Debug|x64.ActiveCfg = Debug|x64
		{45DD726B-572C-47BF-8E8A-EC9CE2A1F36E}.Debug|x64.Build.0 = Debug|x64
		{45DD726B-572C-47BF-8E8A-EC9CE2A1F36E}.Debug|x86.ActiveCfg = Debug|Win32
		{45DD726B-572C-47BF-8E8A-EC9CE2A1F36E}.Debug|x86.Build.0 = Debug|Win32
		{45DD726B-572C-47BF-8E8A-EC9CE2A1F36E}.Release|x64.ActiveCfg = Release|x64
		{45DD726B-572C-47BF-8E8A-EC9CE2A1F36E}.Release|x64.Build.0 = Release|x64
		{45DD726B-572C-47BF-8E8A-EC9CE2A1F36E}.Release|x86.ActiveCfg = Release|Win32
		{45DD726B-572C-47BF-8E8A-EC9CE2A1F36E}.Release|x86.Build.0 = Release|Win32
		{B12702AD-ABFB-343A-A199-8E24837244A3}.Debug|x64.ActiveCfg = Debug|x64
		{B12702AD-ABFB-343A-A199-8E24837244A3}.Debug|x64.Build.0 = Debug|x64
		{B12702AD-ABFB-343A-A199-8E24837244A3}.Debug|x86.ActiveCfg = Debug|x64
		{B12702AD-ABFB-343A-A199-8E24837244A3}.Release|x64.ActiveCfg = Release|x64
		{B12702AD-ABFB-343A-A199-8E24837244A3}.Release|x64.Build.0 = Release|x64
		{B12702AD-ABFB-343A-A199-8E24837244A3}.Release|x86.ActiveCfg = Release|x64
		{EBE3EF8B-700E-4CA5-863D-8B3D6335A708}.Debug|x64.ActiveCfg = Debug|x64
		{EBE3EF8B-700E-4CA5-863D-8B3D6335A708}.Debug|x64.Build.0 = Debug|x64
		{EBE3EF8B-700E-4CA5-863D-8B3D6335A708}.Debug|x86.ActiveCfg = Debug|x64
		{EBE3EF8B-700E-4CA5-863D-8B3D6335A708}.Release|x64.ActiveCfg = Release|x64
		{EBE3EF8B-700E-4CA5-863D-8B3D6335A708}.Release|x64.Build.0 = Release|x64
		{EBE3EF8B-700E-4CA5-863D-8B3D6335A708}.Release|x86.ActiveCfg = Release|x64
		{7FACCF76-B5F3-4ADE-95B7-CA330F9F6C13}.Debug|x64.ActiveCfg = Debug|x64
		{7FACCF76-B5F3-4ADE-95B7-CA330F9F6C13}.Debug|x64.Build.0 = Debug|x64
		{7FACCF76-B5F3-4ADE-95B7-CA330F9F6C13}.Debug|x86.ActiveCfg = Debug|x64
		{7FACCF76-B5F3-4ADE-95B7-CA330F9F6C13}.Release|x64.ActiveCfg = Release|x64
		{7FACCF76-B5F3-4ADE-95B7-CA330F9F6C13}.Release|x64.Build.0 = Release|x64
		{7FACCF76-B5F3-4ADE-95B7-CA330F9F6C13}.Release|x86.ActiveCfg = Release|x64
		{B5D52A3C-08E5-4F17-94B8-3DC0F229DE5A}.Debug|x64.ActiveCfg = Debug|x64
		{B5D52A3C-08E5-4F17-94B8-3DC0F229DE5A}.Debug|x64.Build.0 = Debug|x64
		{B5D52A3C-08E5-4F17-94B8-3DC0F229DE5A}.Debug|x86.ActiveCfg = Debug|x64
		{B5D52A3C-08E5-4F17-94B8-3DC0F229DE5A}.Release|x64.ActiveCfg = Release|x64
		{B5D52A3C-08E5-4F17-94B8-3DC0F229DE5A}.Release|x64.Build.0 = Release|x64
		{B5D52A3C-08E5-4F17-94B8-3DC0F229DE5A}.Release|x86.ActiveCfg = Release|x64
		{8EFBC6DA-34C6-4C32-A4E9-5B141DB6C14F}.Debug|x64.ActiveCfg = Debug|x64
		{8EFBC6DA-34C6-4C32-A4E9-5B141DB6C14F}.Debug|x64.Build.0 = Debug|x64
		{8EFBC6DA-34C6-4C32-A4E9-5B141DB6C14F}.Debug|x86.ActiveCfg = Debug|x64
		{8EFBC6DA-34C6-4C32-A4E9-5B141DB6C14F}.Release|x64.ActiveCfg = Release|x64
		{8EFBC6DA-34C6-4C32-A4E9-5B141DB6C14F}.Release|x64.Build.0 = Release|x64
		{8EFBC6DA-34C6-4C32-A4E9-5B141DB6C14F}.Release|x86.ActiveCfg = Release|x64
	EndGlobalSection
	GlobalSection(SolutionProperties) = preSolution
		HideSolutionNode = FALSE
	EndGlobalSection
	GlobalSection(ExtensibilityGlobals) = postSolution
		SolutionGuid = {9D5DFEAD-539C-4E93-8CAE-BC239F25FDD6}
	EndGlobalSection
EndGlobal
