<?xml version="1.0" encoding="utf-8"?>
<Project ToolsVersion="4.0" xmlns="http://schemas.microsoft.com/developer/msbuild/2003">
  <ItemGroup>
    <Filter Include="03.入口文件">
      <UniqueIdentifier>{8a6cf9c3-c2e7-4eec-9f0a-a28361aa8ca0}</UniqueIdentifier>
    </Filter>
    <Filter Include="02.窗体文件">
      <UniqueIdentifier>{99349809-55BA-4b9d-BF79-8FDBB0286EB3}</UniqueIdentifier>
      <Extensions>ui</Extensions>
    </Filter>
    <Filter Include="04.生成文件">
      <UniqueIdentifier>{71ED8ED8-ACB9-4CE9-BBE1-E00B30144E11}</UniqueIdentifier>
      <Extensions>moc;h;cpp</Extensions>
      <SourceControlFiles>False</SourceControlFiles>
    </Filter>
    <Filter Include="00.预编译头">
      <UniqueIdentifier>{c29c58e9-8fc0-4350-90f7-b19dde44bd0b}</UniqueIdentifier>
    </Filter>
    <Filter Include="05.资源文件">
      <UniqueIdentifier>{D9D6E242-F8AF-46E4-B9FD-80ECBC20BA3E}</UniqueIdentifier>
      <Extensions>qrc;*</Extensions>
      <ParseFiles>false</ParseFiles>
    </Filter>
    <Filter Include="11.接口文件">
      <UniqueIdentifier>{c2e1073f-d412-49c8-bf84-b1455ffdbfd1}</UniqueIdentifier>
    </Filter>
    <Filter Include="10.登录管理">
      <UniqueIdentifier>{05e9903c-acb0-4134-a287-49e51a594987}</UniqueIdentifier>
    </Filter>
  </ItemGroup>
  <ItemGroup>
    <ClCompile Include="GeneratedFiles\Debug\moc_pj_server.cpp">
      <Filter>04.生成文件</Filter>
    </ClCompile>
    <ClCompile Include="GeneratedFiles\Release\moc_pj_server.cpp">
      <Filter>04.生成文件</Filter>
    </ClCompile>
    <ClCompile Include="GeneratedFiles\qrc_pj_server.cpp">
      <Filter>04.生成文件</Filter>
    </ClCompile>
    <ClCompile Include="Precompiled.cpp">
      <Filter>00.预编译头</Filter>
    </ClCompile>
    <ClCompile Include="pj_server.cpp">
      <Filter>03.入口文件</Filter>
    </ClCompile>
    <ClCompile Include="LoginManager.cpp">
      <Filter>10.登录管理</Filter>
    </ClCompile>
    <ClCompile Include="pj_server_main.cpp">
      <Filter>03.入口文件</Filter>
    </ClCompile>
    <ClCompile Include="GeneratedFiles\Debug\moc_MsILogin2.cpp">
      <Filter>04.生成文件</Filter>
    </ClCompile>
    <ClCompile Include="GeneratedFiles\Release\moc_MsILogin2.cpp">
      <Filter>04.生成文件</Filter>
    </ClCompile>
    <ClCompile Include="GeneratedFiles\Debug\moc_MsIScene.cpp">
      <Filter>04.生成文件</Filter>
    </ClCompile>
    <ClCompile Include="GeneratedFiles\Release\moc_MsIScene.cpp">
      <Filter>04.生成文件</Filter>
    </ClCompile>
    <ClCompile Include="GeneratedFiles\Debug\moc_MsILogin.cpp">
      <Filter>04.生成文件</Filter>
    </ClCompile>
    <ClCompile Include="GeneratedFiles\Release\moc_MsILogin.cpp">
      <Filter>04.生成文件</Filter>
    </ClCompile>
  </ItemGroup>
  <ItemGroup>
    <ClInclude Include="Precompiled.h">
      <Filter>00.预编译头</Filter>
    </ClInclude>
    <ClInclude Include="LoginManager.h">
      <Filter>10.登录管理</Filter>
    </ClInclude>
    <ClInclude Include="GeneratedFiles\ui_qt_server_wnd.h">
      <Filter>04.生成文件</Filter>
    </ClInclude>
  </ItemGroup>
  <ItemGroup>
    <CustomBuild Include="pj_server.qrc">
      <Filter>05.资源文件</Filter>
    </CustomBuild>
    <CustomBuild Include="pj_server.h">
      <Filter>03.入口文件</Filter>
    </CustomBuild>
    <CustomBuild Include="qt_server_wnd.ui">
      <Filter>02.窗体文件</Filter>
    </CustomBuild>
    <CustomBuild Include="..\pj_common\MsIScene.h">
      <Filter>11.接口文件</Filter>
    </CustomBuild>
    <CustomBuild Include="..\pj_common\MsILogin2.h">
      <Filter>11.接口文件</Filter>
    </CustomBuild>
    <CustomBuild Include="..\pj_common\MsILogin.h">
      <Filter>11.接口文件</Filter>
    </CustomBuild>
  </ItemGroup>
  <ItemGroup>
    <ResourceCompile Include="pj_server.rc">
      <Filter>05.资源文件</Filter>
    </ResourceCompile>
  </ItemGroup>
</Project>