<?xml version="1.0" encoding="utf-8"?>
<Project ToolsVersion="4.0" xmlns="http://schemas.microsoft.com/developer/msbuild/2003">
  <ItemGroup>
    <Filter Include="Source Files">
      <UniqueIdentifier>{de374d8e-7928-40e4-bad4-72f311e8a4f4}</UniqueIdentifier>
    </Filter>
    <Filter Include="Header Files">
      <UniqueIdentifier>{4ac5e86a-785c-4898-905f-1485ff933776}</UniqueIdentifier>
    </Filter>
    <Filter Include="09.资源文件">
      <UniqueIdentifier>{21821c0a-bc44-40c1-a680-07a0853bc563}</UniqueIdentifier>
    </Filter>
    <Filter Include="01.基础定义">
      <UniqueIdentifier>{683c1944-2357-4dc0-90ac-5680289c08ea}</UniqueIdentifier>
    </Filter>
    <Filter Include="02.数据结构">
      <UniqueIdentifier>{0c67b0ef-317c-4364-9309-f8084e105ea8}</UniqueIdentifier>
    </Filter>
    <Filter Include="Slice Files">
      <UniqueIdentifier>{88010bed-405c-4764-915f-1b2ce0cf8571}</UniqueIdentifier>
      <Extensions>ice</Extensions>
    </Filter>
    <Filter Include="00.预编译头">
      <UniqueIdentifier>{70d8334c-8894-424d-9b81-59e380770e65}</UniqueIdentifier>
    </Filter>
  </ItemGroup>
  <ItemGroup>
    <ClInclude Include="Precompiled.h">
      <Filter>00.预编译头</Filter>
    </ClInclude>
    <ClInclude Include="generated\pj_common.h">
      <Filter>Header Files</Filter>
    </ClInclude>
    <ClInclude Include="generated\pj_database.h">
      <Filter>Header Files</Filter>
    </ClInclude>
    <ClInclude Include="generated\pj_Login.h">
      <Filter>Header Files</Filter>
    </ClInclude>
    <ClInclude Include="..\packages\datastruct\pj_db.h">
      <Filter>02.数据结构</Filter>
    </ClInclude>
    <ClInclude Include="..\packages\baselib\DBDictionary.hpp">
      <Filter>01.基础定义</Filter>
    </ClInclude>
    <ClInclude Include="..\packages\baselib\MemoryDictionary.hpp">
      <Filter>01.基础定义</Filter>
    </ClInclude>
    <ClInclude Include="..\packages\baselib\MemoryList.hpp">
      <Filter>01.基础定义</Filter>
    </ClInclude>
    <ClInclude Include="..\packages\baselib\MemoryVector.hpp">
      <Filter>01.基础定义</Filter>
    </ClInclude>
    <ClInclude Include="..\packages\baselib\MsBase.h">
      <Filter>01.基础定义</Filter>
    </ClInclude>
  </ItemGroup>
  <ItemGroup>
    <ClCompile Include="Precompiled.cpp">
      <Filter>00.预编译头</Filter>
    </ClCompile>
    <ClCompile Include="generated\pj_common.cpp">
      <Filter>Source Files</Filter>
    </ClCompile>
    <ClCompile Include="generated\pj_database.cpp">
      <Filter>Source Files</Filter>
    </ClCompile>
    <ClCompile Include="generated\pj_Login.cpp">
      <Filter>Source Files</Filter>
    </ClCompile>
    <ClCompile Include="..\packages\datastruct\pj_db.cpp">
      <Filter>02.数据结构</Filter>
    </ClCompile>
  </ItemGroup>
  <ItemGroup>
    <IceBuilder Include="pj_common.ice">
      <Filter>Slice Files</Filter>
    </IceBuilder>
    <IceBuilder Include="pj_database.ice">
      <Filter>Slice Files</Filter>
    </IceBuilder>
    <IceBuilder Include="pj_Login.ice">
      <Filter>Slice Files</Filter>
    </IceBuilder>
  </ItemGroup>
  <ItemGroup>
    <None Include="packages.config">
      <Filter>09.资源文件</Filter>
    </None>
  </ItemGroup>
</Project>